
Microsoft Visual Studio Solution File, Format Version 12.00
# Visual Studio Version 17
VisualStudioVersion = 17.2.32616.157
MinimumVisualStudioVersion = 10.0.40219.1
Project("{FAE04EC0-301F-11D3-BF4B-00C04F79EFBC}") = "MvcMovie", "MvcMovie.csproj", "{30297A61-CC98-467F-860F-C9DCFE2DA53E}"
EndProject
Global
	GlobalSection(SolutionConfigurationPlatforms) = preSolution
		Debug|Any CPU = Debug|Any CPU
		Release|Any CPU = Release|Any CPU
	EndGlobalSection
	GlobalSection(ProjectConfigurationPlatforms) = postSolution
		{30297A61-CC98-467F-860F-C9DCFE2DA53E}.Debug|Any CPU.ActiveCfg = Debug|Any CPU
		{30297A61-CC98-467F-860F-C9DCFE2DA53E}.Debug|Any CPU.Build.0 = Debug|Any CPU
		{30297A61-CC98-467F-860F-C9DCFE2DA53E}.Release|Any CPU.ActiveCfg = Release|Any CPU
		{30297A61-CC98-467F-860F-C9DCFE2DA53E}.Release|Any CPU.Build.0 = Release|Any CPU
	EndGlobalSection
	GlobalSection(SolutionProperties) = preSolution
		HideSolutionNode = FALSE
	EndGlobalSection
	GlobalSection(ExtensibilityGlobals) = postSolution
		SolutionGuid = {730F71DE-9622-4022-8A8D-E920B739EA3C}
	EndGlobalSection
EndGlobal
